github.com/brutella/dnssd v1.2.10 h1:Gg0k7+NtJp7TbOMS0eUVg0VEjSdftzKOTQ8QQTzQ0x4=
github.com/brutella/dnssd v1.2.10/go.mod h1:yZ+GHHbGhtp5yJeKTnppdFGiy6OhiPoxs0WHW1KUcFA=
github.com/gokrazy/gokrazy v0.0.0-20231223164253-dd38c188b448 h1:rtFkMficlMjxlWSXR11mPgE/pOBOKDNwoqQblRCt6fA=
github.com/gokrazy/gokrazy v0.0.0-20231223164253-dd38c188b448/go.mod h1:FOTcHsN9okcM6wLX58MC33A8i5U3AI+sYD5wsuWee1U=
github.com/gokrazy/gokrazy v0.0.0-20240419172022-d65536c20bc9 h1:TY+M0eMAzEeXUcAxPEkkihRwreaUaiUjnDDewZVYWa4=
github.com/gokrazy/gokrazy v0.0.0-20240419172022-d65536c20bc9/go.mod h1:Jsi9zdBkIZq5Pfna0aFkq4OA5nYBfNyhkq9vqkz5Fpk=
github.com/gokrazy/internal v0.0.0-20231215141737-b4318213fb69 h1:v6WEQAZZtdqj/GOlbSuf6bDFRTPE2dfCHx9BEwajpyU=
github.com/gokrazy/internal v0.0.0-20231215141737-b4318213fb69/go.mod h1:CIE3ta1pA9UGyV1BM6wSc9BvNIZTm6keFCy/ifi6PCw=
github.com/gokrazy/internal v0.0.0-20240203182542-d29c615f07b8 h1:F598FmjE0w2XVmKgD7NI6lbJ1AihbNPXi9LYOzCPyA8=
github.com/gokrazy/internal v0.0.0-20240203182542-d29c615f07b8/go.mod h1:CIE3ta1pA9UGyV1BM6wSc9BvNIZTm6keFCy/ifi6PCw=
github.com/google/go-cmp v0.5.9 h1:O2Tfq5qg4qc4AmwVlvv0oLiVAGB7enBSJ2x2DqQFi38=
github.com/google/renameio/v2 v2.0.0 h1:UifI23ZTGY8Tt29JbYFiuyIU3eX+RNFtUwefq9qAhxg=
github.com/google/renameio/v2 v2.0.0/go.mod h1:BtmJXm5YlszgC+TD4HOEEUFgkJP3nLxehU6hfe7jRt4=
github.com/kenshaw/evdev v0.1.0 h1:wmtceEOFfilChgdNT+c/djPJ2JineVsQ0N14kGzFRUo=
github.com/kenshaw/evdev v0.1.0/go.mod h1:B/fErKCihUyEobz0mjn2qQbHgyJKFQAxkXSvkeeA/Wo=
github.com/mdlayher/watchdog v0.0.0-20221003142519-49be0df7b3b5 h1:80FAK3TW5lVymfHu3kvB1QvTZvy9Kmx1lx6sT5Ep16s=
github.com/mdlayher/watchdog v0.0.0-20221003142519-49be0df7b3b5/go.mod h1:z0QjVpjpK4jksEkffQwS3+abQ3XFTm1bnimyDzWyUk0=
github.com/miekg/dns v1.1.57 h1:Jzi7ApEIzwEPLHWRcafCN9LZSBbqQpxjt/wpgvg7wcM=
github.com/miekg/dns v1.1.57/go.mod h1:uqRjCRUuEAA6qsOiJvDd+CFo/vW+y5WR6SNmHE55hZk=
github.com/miekg/dns v1.1.59 h1:C9EXc/UToRwKLhK5wKU/I4QVsBUc8kE6MkHBkeypWZs=
github.com/miekg/dns v1.1.59/go.mod h1:nZpewl5p6IvctfgrckopVx2OlSEHPRO/U4SYkRklrEk=
golang.org/x/mod v0.14.0 h1:dGoOF9QVLYng8IHTm7BAyWqCqSheQ5pYWGhzW00YJr0=
golang.org/x/mod v0.14.0/go.mod h1:hTbmBsO62+eylJbnUtE2MGJUyE7QWk4xUqPFrRgJ+7c=
golang.org/x/mod v0.17.0 h1:zY54UmvipHiNd+pm+m0x9KhZ9hl1/7QNMyxXbc6ICqA=
golang.org/x/mod v0.17.0/go.mod h1:hTbmBsO62+eylJbnUtE2MGJUyE7QWk4xUqPFrRgJ+7c=
golang.org/x/net v0.19.0 h1:zTwKpTd2XuCqf8huc7Fo2iSy+4RHPd10s4KzeTnVr1c=
golang.org/x/net v0.19.0/go.mod h1:CfAk/cbD4CthTvqiEl8NpboMuiuOYsAr/7NOjZJtv1U=
golang.org/x/net v0.24.0 h1:1PcaxkF854Fu3+lvBIx5SYn9wRlBzzcnHZSiaFFAb0w=
golang.org/x/net v0.24.0/go.mod h1:2Q7sJY5mzlzWjKtYUEXSlBWCdyaioyXzRB2RtU8KVE8=
golang.org/x/net v0.35.0 h1:T5GQRQb2y08kTAByq9L4/bz8cipCdA8FbRTXewonqY8=
golang.org/x/net v0.35.0/go.mod h1:EglIi67kWsHKlRzzVMUD93VMSWGFOMSZgxFjparz1Qk=
golang.org/x/sync v0.5.0 h1:60k92dhOjHxJkrqnwsfl8KuaHbn/5dl0lUPUklKo3qE=
golang.org/x/sync v0.7.0 h1:YsImfSBoP9QPYL0xyKJPq0gcaJdG3rInoqxTWbfQu9M=
golang.org/x/sync v0.7.0/go.mod h1:Czt+wKu1gCyEFDUtn0jG5QVvpJ6rzVqr5aXyt9drQfk=
golang.org/x/sys v0.15.0 h1:h48lPFYpsTvQJZF4EKyI4aLHaev3CxivZmv7yZig9pc=
golang.org/x/sys v0.15.0/go.mod h1:/VUhepiaJMQUp4+oa/7Zr1D23ma6VTLIYjOOTFZPUcA=
golang.org/x/sys v0.19.0 h1:q5f1RH2jigJ1MoAWp2KTp3gm5zAGFUTarQZ5U386+4o=
golang.org/x/sys v0.19.0/go.mod h1:/VUhepiaJMQUp4+oa/7Zr1D23ma6VTLIYjOOTFZPUcA=
golang.org/x/sys v0.30.0/go.mod h1:/VUhepiaJMQUp4+oa/7Zr1D23ma6VTLIYjOOTFZPUcA=
golang.org/x/tools v0.16.1 h1:TLyB3WofjdOEepBHAU20JdNC1Zbg87elYofWYAY5oZA=
golang.org/x/tools v0.16.1/go.mod h1:kYVVN6I1mBNoB1OX+noeBjbRk4IUEPa7JJ+TJMEooJ0=
golang.org/x/tools v0.20.0 h1:hz/CVckiOxybQvFw6h7b/q80NTr9IUQb4s1IIzW7KNY=
golang.org/x/tools v0.20.0/go.mod h1:WvitBU7JJf6A4jOdg4S1tviW9bhUxkgeCui/0JHctQg=
